
Microsoft Visual Studio Solution File, Format Version 12.00
# Visual Studio Version 16
VisualStudioVersion = 16.0.31702.278
MinimumVisualStudioVersion = 10.0.40219.1
Project("{888888A0-9F3D-457C-B088-3A5042F75D52}") = "Python_Practical_mock_Binod", "Python_Practical_mock_Binod\Python_Practical_mock_Binod.pyproj", "{37B1B9B9-129E-48F9-8BE8-90CBBFA44177}"
EndProject
Global
	GlobalSection(SolutionConfigurationPlatforms) = preSolution
		Debug|Any CPU = Debug|Any CPU
		Release|Any CPU = Release|Any CPU
	EndGlobalSection
	GlobalSection(ProjectConfigurationPlatforms) = postSolution
		{37B1B9B9-129E-48F9-8BE8-90CBBFA44177}.Debug|Any CPU.ActiveCfg = Debug|Any CPU
		{37B1B9B9-129E-48F9-8BE8-90CBBFA44177}.Release|Any CPU.ActiveCfg = Release|Any CPU
	EndGlobalSection
	GlobalSection(SolutionProperties) = preSolution
		HideSolutionNode = FALSE
	EndGlobalSection
	GlobalSection(ExtensibilityGlobals) = postSolution
		SolutionGuid = {1065C83F-40F4-4C48-910B-37A1C35B1F6D}
	EndGlobalSection
EndGlobal
